// !$*UTF8*$!
{
	archiveVersion = 1;
	classes = {
	};
	objectVersion = 56;
	objects = {

/* Begin PBXBuildFile section */
		142431992BE4037200F58E52 /* CategoryHome.swift in Sources */ = {isa = PBXBuildFile; fileRef = 142431982BE4037200F58E52 /* CategoryHome.swift */; };
		1424319B2BE404FA00F58E52 /* CategoryRow.swift in Sources */ = {isa = PBXBuildFile; fileRef = 1424319A2BE404FA00F58E52 /* CategoryRow.swift */; };
		1424319D2BE4071400F58E52 /* CategoryItem.swift in Sources */ = {isa = PBXBuildFile; fileRef = 1424319C2BE4071400F58E52 /* CategoryItem.swift */; };
		142431A02BE40A1100F58E52 /* Profile.swift in Sources */ = {isa = PBXBuildFile; fileRef = 1424319F2BE40A1100F58E52 /* Profile.swift */; };
		142431A22BE40A2D00F58E52 /* ProfileHost.swift in Sources */ = {isa = PBXBuildFile; fileRef = 142431A12BE40A2D00F58E52 /* ProfileHost.swift */; };
		142431A42BE40AB800F58E52 /* ProfileSummary.swift in Sources */ = {isa = PBXBuildFile; fileRef = 142431A32BE40AB800F58E52 /* ProfileSummary.swift */; };
		142431A62BE40C1A00F58E52 /* HikeBadge.swift in Sources */ = {isa = PBXBuildFile; fileRef = 142431A52BE40C1A00F58E52 /* HikeBadge.swift */; };
		142431A82BE4126C00F58E52 /* ProfileEditor.swift in Sources */ = {isa = PBXBuildFile; fileRef = 142431A72BE4126C00F58E52 /* ProfileEditor.swift */; };
		142431AC2BE414D100F58E52 /* PageView.swift in Sources */ = {isa = PBXBuildFile; fileRef = 142431AB2BE414D100F58E52 /* PageView.swift */; };
		142431AE2BE414E600F58E52 /* PageViewController.swift in Sources */ = {isa = PBXBuildFile; fileRef = 142431AD2BE414E600F58E52 /* PageViewController.swift */; };
		142431B02BE4162800F58E52 /* FeatureCard.swift in Sources */ = {isa = PBXBuildFile; fileRef = 142431AF2BE4162800F58E52 /* FeatureCard.swift */; };
		142431B22BE4190A00F58E52 /* PageControl.swift in Sources */ = {isa = PBXBuildFile; fileRef = 142431B12BE4190A00F58E52 /* PageControl.swift */; };
		142431BC2BE41ADF00F58E52 /* ContentView.swift in Sources */ = {isa = PBXBuildFile; fileRef = 142431BB2BE41ADF00F58E52 /* ContentView.swift */; };
		142431BE2BE41AE100F58E52 /* Assets.xcassets in Resources */ = {isa = PBXBuildFile; fileRef = 142431BD2BE41AE100F58E52 /* Assets.xcassets */; };
		142431C12BE41AE100F58E52 /* Preview Assets.xcassets in Resources */ = {isa = PBXBuildFile; fileRef = 142431C02BE41AE100F58E52 /* Preview Assets.xcassets */; };
		142431C42BE41AE100F58E52 /* WatchLandmarks Watch App.app in Embed Watch Content */ = {isa = PBXBuildFile; fileRef = 142431B72BE41ADF00F58E52 /* WatchLandmarks Watch App.app */; settings = {ATTRIBUTES = (RemoveHeadersOnCopy, ); }; };
		142431CA2BE41C3100F58E52 /* LandmarkList.swift in Sources */ = {isa = PBXBuildFile; fileRef = 142DBC802BE38F3700A01D6A /* LandmarkList.swift */; };
		142431CB2BE41C3100F58E52 /* CircleImage.swift in Sources */ = {isa = PBXBuildFile; fileRef = 142DBC782BE38F2300A01D6A /* CircleImage.swift */; };
		142431CC2BE41C3100F58E52 /* Hike.swift in Sources */ = {isa = PBXBuildFile; fileRef = 142DBC922BE399DE00A01D6A /* Hike.swift */; };
		142431CD2BE41C3100F58E52 /* LandmarkRow.swift in Sources */ = {isa = PBXBuildFile; fileRef = 142DBC7F2BE38F3700A01D6A /* LandmarkRow.swift */; };
		142431CE2BE41C3100F58E52 /* MapView.swift in Sources */ = {isa = PBXBuildFile; fileRef = 142DBC792BE38F2300A01D6A /* MapView.swift */; };
		142431CF2BE41C3100F58E52 /* LandmarksApp.swift in Sources */ = {isa = PBXBuildFile; fileRef = 142DBC442BE38E2300A01D6A /* LandmarksApp.swift */; };
		142431D02BE41C3100F58E52 /* Landmark.swift in Sources */ = {isa = PBXBuildFile; fileRef = 142DBC722BE38EF300A01D6A /* Landmark.swift */; };
		142431D12BE41C3100F58E52 /* Profile.swift in Sources */ = {isa = PBXBuildFile; fileRef = 1424319F2BE40A1100F58E52 /* Profile.swift */; };
		142431D32BE41C8A00F58E52 /* LandmarkDetail.swift in Sources */ = {isa = PBXBuildFile; fileRef = 142431D22BE41C8A00F58E52 /* LandmarkDetail.swift */; };
		142431D42BE41DCC00F58E52 /* ModelData.swift in Sources */ = {isa = PBXBuildFile; fileRef = 142DBC712BE38EF300A01D6A /* ModelData.swift */; };
		142431D52BE4207700F58E52 /* hikeData.json in Resources */ = {isa = PBXBuildFile; fileRef = 142DBC902BE399AD00A01D6A /* hikeData.json */; };
		142431D62BE4207700F58E52 /* landmarkData.json in Resources */ = {isa = PBXBuildFile; fileRef = 142DBC752BE38F0500A01D6A /* landmarkData.json */; };
		142431D72BE420E900F58E52 /* Assets.xcassets in Resources */ = {isa = PBXBuildFile; fileRef = 142DBC482BE38E2600A01D6A /* Assets.xcassets */; };
		142431D92BE421D800F58E52 /* NotificationView.swift in Sources */ = {isa = PBXBuildFile; fileRef = 142431D82BE421D800F58E52 /* NotificationView.swift */; };
		142431DB2BE4224900F58E52 /* NotificationController.swift in Sources */ = {isa = PBXBuildFile; fileRef = 142431DA2BE4224900F58E52 /* NotificationController.swift */; };
		142431DD2BE4230F00F58E52 /* PushNotificationPayload.apns in Resources */ = {isa = PBXBuildFile; fileRef = 142431DC2BE4230F00F58E52 /* PushNotificationPayload.apns */; };
		142DBC452BE38E2300A01D6A /* LandmarksApp.swift in Sources */ = {isa = PBXBuildFile; fileRef = 142DBC442BE38E2300A01D6A /* LandmarksApp.swift */; };
		142DBC472BE38E2300A01D6A /* ContentView.swift in Sources */ = {isa = PBXBuildFile; fileRef = 142DBC462BE38E2300A01D6A /* ContentView.swift */; };
		142DBC492BE38E2600A01D6A /* Assets.xcassets in Resources */ = {isa = PBXBuildFile; fileRef = 142DBC482BE38E2600A01D6A /* Assets.xcassets */; };
		142DBC4C2BE38E2600A01D6A /* Preview Assets.xcassets in Resources */ = {isa = PBXBuildFile; fileRef = 142DBC4B2BE38E2600A01D6A /* Preview Assets.xcassets */; };
		142DBC562BE38E2600A01D6A /* LandmarksTests.swift in Sources */ = {isa = PBXBuildFile; fileRef = 142DBC552BE38E2600A01D6A /* LandmarksTests.swift */; };
		142DBC602BE38E2600A01D6A /* LandmarksUITests.swift in Sources */ = {isa = PBXBuildFile; fileRef = 142DBC5F2BE38E2600A01D6A /* LandmarksUITests.swift */; };
		142DBC622BE38E2600A01D6A /* LandmarksUITestsLaunchTests.swift in Sources */ = {isa = PBXBuildFile; fileRef = 142DBC612BE38E2600A01D6A /* LandmarksUITestsLaunchTests.swift */; };
		142DBC732BE38EF300A01D6A /* ModelData.swift in Sources */ = {isa = PBXBuildFile; fileRef = 142DBC712BE38EF300A01D6A /* ModelData.swift */; };
		142DBC742BE38EF300A01D6A /* Landmark.swift in Sources */ = {isa = PBXBuildFile; fileRef = 142DBC722BE38EF300A01D6A /* Landmark.swift */; };
		142DBC762BE38F0500A01D6A /* landmarkData.json in Resources */ = {isa = PBXBuildFile; fileRef = 142DBC752BE38F0500A01D6A /* landmarkData.json */; };
		142DBC7B2BE38F2300A01D6A /* CircleImage.swift in Sources */ = {isa = PBXBuildFile; fileRef = 142DBC782BE38F2300A01D6A /* CircleImage.swift */; };
		142DBC7C2BE38F2300A01D6A /* MapView.swift in Sources */ = {isa = PBXBuildFile; fileRef = 142DBC792BE38F2300A01D6A /* MapView.swift */; };
		142DBC7D2BE38F2300A01D6A /* FavoriteButton.swift in Sources */ = {isa = PBXBuildFile; fileRef = 142DBC7A2BE38F2300A01D6A /* FavoriteButton.swift */; };
		142DBC822BE38F3700A01D6A /* LandmarkRow.swift in Sources */ = {isa = PBXBuildFile; fileRef = 142DBC7F2BE38F3700A01D6A /* LandmarkRow.swift */; };
		142DBC832BE38F3700A01D6A /* LandmarkList.swift in Sources */ = {isa = PBXBuildFile; fileRef = 142DBC802BE38F3700A01D6A /* LandmarkList.swift */; };
		142DBC842BE38F3700A01D6A /* LandmarkDetail.swift in Sources */ = {isa = PBXBuildFile; fileRef = 142DBC812BE38F3700A01D6A /* LandmarkDetail.swift */; };
		142DBC872BE3909200A01D6A /* HexagonParameters.swift in Sources */ = {isa = PBXBuildFile; fileRef = 142DBC862BE3909200A01D6A /* HexagonParameters.swift */; };
		142DBC892BE390C600A01D6A /* BadgeBackground.swift in Sources */ = {isa = PBXBuildFile; fileRef = 142DBC882BE390C600A01D6A /* BadgeBackground.swift */; };
		142DBC8B2BE3931700A01D6A /* BadgeSymbol.swift in Sources */ = {isa = PBXBuildFile; fileRef = 142DBC8A2BE3931700A01D6A /* BadgeSymbol.swift */; };
		142DBC8D2BE3949E00A01D6A /* RotatedBadgeSymbol.swift in Sources */ = {isa = PBXBuildFile; fileRef = 142DBC8C2BE3949E00A01D6A /* RotatedBadgeSymbol.swift */; };
		142DBC8F2BE394EF00A01D6A /* Badge.swift in Sources */ = {isa = PBXBuildFile; fileRef = 142DBC8E2BE394EF00A01D6A /* Badge.swift */; };
		142DBC912BE399AD00A01D6A /* hikeData.json in Resources */ = {isa = PBXBuildFile; fileRef = 142DBC902BE399AD00A01D6A /* hikeData.json */; };
		142DBC932BE399DE00A01D6A /* Hike.swift in Sources */ = {isa = PBXBuildFile; fileRef = 142DBC922BE399DE00A01D6A /* Hike.swift */; };
		142DBC962BE39AC900A01D6A /* HikesView.swift in Sources */ = {isa = PBXBuildFile; fileRef = 142DBC952BE39AC900A01D6A /* HikesView.swift */; };
		142DBC992BE39BF300A01D6A /* HikeGraph.swift in Sources */ = {isa = PBXBuildFile; fileRef = 142DBC972BE39BF300A01D6A /* HikeGraph.swift */; };
		142DBC9A2BE39BF300A01D6A /* HikeDetail.swift in Sources */ = {isa = PBXBuildFile; fileRef = 142DBC982BE39BF300A01D6A /* HikeDetail.swift */; };
		142DBC9C2BE39C0300A01D6A /* GraphCapsule.swift in Sources */ = {isa = PBXBuildFile; fileRef = 142DBC9B2BE39C0300A01D6A /* GraphCapsule.swift */; };
/* End PBXBuildFile section */

/* Begin PBXContainerItemProxy section */
		142431C22BE41AE100F58E52 /* PBXContainerItemProxy */ = {
			isa = PBXContainerItemProxy;
			containerPortal = 142DBC392BE38E2300A01D6A /* Project object */;
			proxyType = 1;
			remoteGlobalIDString = 142431B62BE41ADF00F58E52;
			remoteInfo = "WatchLandmarks Watch App";
		};
		142DBC522BE38E2600A01D6A /* PBXContainerItemProxy */ = {
			isa = PBXContainerItemProxy;
			containerPortal = 142DBC392BE38E2300A01D6A /* Project object */;
			proxyType = 1;
			remoteGlobalIDString = 142DBC402BE38E2300A01D6A;
			remoteInfo = Landmarks;
		};
		142DBC5C2BE38E2600A01D6A /* PBXContainerItemProxy */ = {
			isa = PBXContainerItemProxy;
			containerPortal = 142DBC392BE38E2300A01D6A /* Project object */;
			proxyType = 1;
			remoteGlobalIDString = 142DBC402BE38E2300A01D6A;
			remoteInfo = Landmarks;
		};
/* End PBXContainerItemProxy section */

/* Begin PBXCopyFilesBuildPhase section */
		142431C82BE41AE100F58E52 /* Embed Watch Content */ = {
			isa = PBXCopyFilesBuildPhase;
			buildActionMask = 2147483647;
			dstPath = "$(CONTENTS_FOLDER_PATH)/Watch";
			dstSubfolderSpec = 16;
			files = (
				142431C42BE41AE100F58E52 /* WatchLandmarks Watch App.app in Embed Watch Content */,
			);
			name = "Embed Watch Content";
			runOnlyForDeploymentPostprocessing = 0;
		};
/* End PBXCopyFilesBuildPhase section */

/* Begin PBXFileReference section */
		142431982BE4037200F58E52 /* CategoryHome.swift */ = {isa = PBXFileReference; lastKnownFileType = sourcecode.swift; path = CategoryHome.swift; sourceTree = "<group>"; };
		1424319A2BE404FA00F58E52 /* CategoryRow.swift */ = {isa = PBXFileReference; lastKnownFileType = sourcecode.swift; path = CategoryRow.swift; sourceTree = "<group>"; };
		1424319C2BE4071400F58E52 /* CategoryItem.swift */ = {isa = PBXFileReference; lastKnownFileType = sourcecode.swift; path = CategoryItem.swift; sourceTree = "<group>"; };
		1424319F2BE40A1100F58E52 /* Profile.swift */ = {isa = PBXFileReference; lastKnownFileType = sourcecode.swift; path = Profile.swift; sourceTree = "<group>"; };
		142431A12BE40A2D00F58E52 /* ProfileHost.swift */ = {isa = PBXFileReference; lastKnownFileType = sourcecode.swift; path = ProfileHost.swift; sourceTree = "<group>"; };
		142431A32BE40AB800F58E52 /* ProfileSummary.swift */ = {isa = PBXFileReference; lastKnownFileType = sourcecode.swift; path = ProfileSummary.swift; sourceTree = "<group>"; };
		142431A52BE40C1A00F58E52 /* HikeBadge.swift */ = {isa = PBXFileReference; lastKnownFileType = sourcecode.swift; path = HikeBadge.swift; sourceTree = "<group>"; };
		142431A72BE4126C00F58E52 /* ProfileEditor.swift */ = {isa = PBXFileReference; lastKnownFileType = sourcecode.swift; path = ProfileEditor.swift; sourceTree = "<group>"; };
		142431AB2BE414D100F58E52 /* PageView.swift */ = {isa = PBXFileReference; lastKnownFileType = sourcecode.swift; path = PageView.swift; sourceTree = "<group>"; };
		142431AD2BE414E600F58E52 /* PageViewController.swift */ = {isa = PBXFileReference; lastKnownFileType = sourcecode.swift; path = PageViewController.swift; sourceTree = "<group>"; };
		142431AF2BE4162800F58E52 /* FeatureCard.swift */ = {isa = PBXFileReference; lastKnownFileType = sourcecode.swift; path = FeatureCard.swift; sourceTree = "<group>"; };
		142431B12BE4190A00F58E52 /* PageControl.swift */ = {isa = PBXFileReference; lastKnownFileType = sourcecode.swift; path = PageControl.swift; sourceTree = "<group>"; };
		142431B72BE41ADF00F58E52 /* WatchLandmarks Watch App.app */ = {isa = PBXFileReference; explicitFileType = wrapper.application; includeInIndex = 0; path = "WatchLandmarks Watch App.app"; sourceTree = BUILT_PRODUCTS_DIR; };
		142431BB2BE41ADF00F58E52 /* ContentView.swift */ = {isa = PBXFileReference; lastKnownFileType = sourcecode.swift; path = ContentView.swift; sourceTree = "<group>"; };
		142431BD2BE41AE100F58E52 /* Assets.xcassets */ = {isa = PBXFileReference; lastKnownFileType = folder.assetcatalog; path = Assets.xcassets; sourceTree = "<group>"; };
		142431C02BE41AE100F58E52 /* Preview Assets.xcassets */ = {isa = PBXFileReference; lastKnownFileType = folder.assetcatalog; path = "Preview Assets.xcassets"; sourceTree = "<group>"; };
		142431D22BE41C8A00F58E52 /* LandmarkDetail.swift */ = {isa = PBXFileReference; lastKnownFileType = sourcecode.swift; path = LandmarkDetail.swift; sourceTree = "<group>"; };
		142431D82BE421D800F58E52 /* NotificationView.swift */ = {isa = PBXFileReference; lastKnownFileType = sourcecode.swift; path = NotificationView.swift; sourceTree = "<group>"; };
		142431DA2BE4224900F58E52 /* NotificationController.swift */ = {isa = PBXFileReference; lastKnownFileType = sourcecode.swift; path = NotificationController.swift; sourceTree = "<group>"; };
		142431DC2BE4230F00F58E52 /* PushNotificationPayload.apns */ = {isa = PBXFileReference; lastKnownFileType = text; path = PushNotificationPayload.apns; sourceTree = "<group>"; };
		142DBC412BE38E2300A01D6A /* Landmarks.app */ = {isa = PBXFileReference; explicitFileType = wrapper.application; includeInIndex = 0; path = Landmarks.app; sourceTree = BUILT_PRODUCTS_DIR; };
		142DBC442BE38E2300A01D6A /* LandmarksApp.swift */ = {isa = PBXFileReference; lastKnownFileType = sourcecode.swift; path = LandmarksApp.swift; sourceTree = "<group>"; };
		142DBC462BE38E2300A01D6A /* ContentView.swift */ = {isa = PBXFileReference; lastKnownFileType = sourcecode.swift; path = ContentView.swift; sourceTree = "<group>"; };
		142DBC482BE38E2600A01D6A /* Assets.xcassets */ = {isa = PBXFileReference; lastKnownFileType = folder.assetcatalog; path = Assets.xcassets; sourceTree = "<group>"; };
		142DBC4B2BE38E2600A01D6A /* Preview Assets.xcassets */ = {isa = PBXFileReference; lastKnownFileType = folder.assetcatalog; path = "Preview Assets.xcassets"; sourceTree = "<group>"; };
		142DBC512BE38E2600A01D6A /* LandmarksTests.xctest */ = {isa = PBXFileReference; explicitFileType = wrapper.cfbundle; includeInIndex = 0; path = LandmarksTests.xctest; sourceTree = BUILT_PRODUCTS_DIR; };
		142DBC552BE38E2600A01D6A /* LandmarksTests.swift */ = {isa = PBXFileReference; lastKnownFileType = sourcecode.swift; path = LandmarksTests.swift; sourceTree = "<group>"; };
		142DBC5B2BE38E2600A01D6A /* LandmarksUITests.xctest */ = {isa = PBXFileReference; explicitFileType = wrapper.cfbundle; includeInIndex = 0; path = LandmarksUITests.xctest; sourceTree = BUILT_PRODUCTS_DIR; };
		142DBC5F2BE38E2600A01D6A /* LandmarksUITests.swift */ = {isa = PBXFileReference; lastKnownFileType = sourcecode.swift; path = LandmarksUITests.swift; sourceTree = "<group>"; };
		142DBC612BE38E2600A01D6A /* LandmarksUITestsLaunchTests.swift */ = {isa = PBXFileReference; lastKnownFileType = sourcecode.swift; path = LandmarksUITestsLaunchTests.swift; sourceTree = "<group>"; };
		142DBC712BE38EF300A01D6A /* ModelData.swift */ = {isa = PBXFileReference; fileEncoding = 4; lastKnownFileType = sourcecode.swift; path = ModelData.swift; sourceTree = "<group>"; };
		142DBC722BE38EF300A01D6A /* Landmark.swift */ = {isa = PBXFileReference; fileEncoding = 4; lastKnownFileType = sourcecode.swift; path = Landmark.swift; sourceTree = "<group>"; };
		142DBC752BE38F0500A01D6A /* landmarkData.json */ = {isa = PBXFileReference; fileEncoding = 4; lastKnownFileType = text.json; path = landmarkData.json; sourceTree = "<group>"; };
		142DBC782BE38F2300A01D6A /* CircleImage.swift */ = {isa = PBXFileReference; fileEncoding = 4; lastKnownFileType = sourcecode.swift; path = CircleImage.swift; sourceTree = "<group>"; };
		142DBC792BE38F2300A01D6A /* MapView.swift */ = {isa = PBXFileReference; fileEncoding = 4; lastKnownFileType = sourcecode.swift; path = MapView.swift; sourceTree = "<group>"; };
		142DBC7A2BE38F2300A01D6A /* FavoriteButton.swift */ = {isa = PBXFileReference; fileEncoding = 4; lastKnownFileType = sourcecode.swift; path = FavoriteButton.swift; sourceTree = "<group>"; };
		142DBC7F2BE38F3700A01D6A /* LandmarkRow.swift */ = {isa = PBXFileReference; fileEncoding = 4; lastKnownFileType = sourcecode.swift; path = LandmarkRow.swift; sourceTree = "<group>"; };
		142DBC802BE38F3700A01D6A /* LandmarkList.swift */ = {isa = PBXFileReference; fileEncoding = 4; lastKnownFileType = sourcecode.swift; path = LandmarkList.swift; sourceTree = "<group>"; };
		142DBC812BE38F3700A01D6A /* LandmarkDetail.swift */ = {isa = PBXFileReference; fileEncoding = 4; lastKnownFileType = sourcecode.swift; path = LandmarkDetail.swift; sourceTree = "<group>"; };
		142DBC862BE3909200A01D6A /* HexagonParameters.swift */ = {isa = PBXFileReference; lastKnownFileType = sourcecode.swift; path = HexagonParameters.swift; sourceTree = "<group>"; };
		142DBC882BE390C600A01D6A /* BadgeBackground.swift */ = {isa = PBXFileReference; lastKnownFileType = sourcecode.swift; path = BadgeBackground.swift; sourceTree = "<group>"; };
		142DBC8A2BE3931700A01D6A /* BadgeSymbol.swift */ = {isa = PBXFileReference; lastKnownFileType = sourcecode.swift; path = BadgeSymbol.swift; sourceTree = "<group>"; };
		142DBC8C2BE3949E00A01D6A /* RotatedBadgeSymbol.swift */ = {isa = PBXFileReference; lastKnownFileType = sourcecode.swift; path = RotatedBadgeSymbol.swift; sourceTree = "<group>"; };
		142DBC8E2BE394EF00A01D6A /* Badge.swift */ = {isa = PBXFileReference; lastKnownFileType = sourcecode.swift; path = Badge.swift; sourceTree = "<group>"; };
		142DBC902BE399AD00A01D6A /* hikeData.json */ = {isa = PBXFileReference; fileEncoding = 4; lastKnownFileType = text.json; path = hikeData.json; sourceTree = "<group>"; };
		142DBC922BE399DE00A01D6A /* Hike.swift */ = {isa = PBXFileReference; lastKnownFileType = sourcecode.swift; path = Hike.swift; sourceTree = "<group>"; };
		142DBC952BE39AC900A01D6A /* HikesView.swift */ = {isa = PBXFileReference; lastKnownFileType = sourcecode.swift; path = HikesView.swift; sourceTree = "<group>"; };
		142DBC972BE39BF300A01D6A /* HikeGraph.swift */ = {isa = PBXFileReference; fileEncoding = 4; lastKnownFileType = sourcecode.swift; path = HikeGraph.swift; sourceTree = "<group>"; };
		142DBC982BE39BF300A01D6A /* HikeDetail.swift */ = {isa = PBXFileReference; fileEncoding = 4; lastKnownFileType = sourcecode.swift; path = HikeDetail.swift; sourceTree = "<group>"; };
		142DBC9B2BE39C0300A01D6A /* GraphCapsule.swift */ = {isa = PBXFileReference; fileEncoding = 4; lastKnownFileType = sourcecode.swift; path = GraphCapsule.swift; sourceTree = "<group>"; };
/* End PBXFileReference section */

/* Begin PBXFrameworksBuildPhase section */
		142431B42BE41ADF00F58E52 /* Frameworks */ = {
			isa = PBXFrameworksBuildPhase;
			buildActionMask = 2147483647;
			files = (
			);
			runOnlyForDeploymentPostprocessing = 0;
		};
		142DBC3E2BE38E2300A01D6A /* Frameworks */ = {
			isa = PBXFrameworksBuildPhase;
			buildActionMask = 2147483647;
			files = (
			);
			runOnlyForDeploymentPostprocessing = 0;
		};
		142DBC4E2BE38E2600A01D6A /* Frameworks */ = {
			isa = PBXFrameworksBuildPhase;
			buildActionMask = 2147483647;
			files = (
			);
			runOnlyForDeploymentPostprocessing = 0;
		};
		142DBC582BE38E2600A01D6A /* Frameworks */ = {
			isa = PBXFrameworksBuildPhase;
			buildActionMask = 2147483647;
			files = (
			);
			runOnlyForDeploymentPostprocessing = 0;
		};
/* End PBXFrameworksBuildPhase section */

/* Begin PBXGroup section */
		142431972BE4035700F58E52 /* Categories */ = {
			isa = PBXGroup;
			children = (
				142431982BE4037200F58E52 /* CategoryHome.swift */,
				1424319A2BE404FA00F58E52 /* CategoryRow.swift */,
				1424319C2BE4071400F58E52 /* CategoryItem.swift */,
			);
			path = Categories;
			sourceTree = "<group>";
		};
		1424319E2BE409EB00F58E52 /* Profiles */ = {
			isa = PBXGroup;
			children = (
				142431A12BE40A2D00F58E52 /* ProfileHost.swift */,
				142431A32BE40AB800F58E52 /* ProfileSummary.swift */,
				142431A72BE4126C00F58E52 /* ProfileEditor.swift */,
			);
			path = Profiles;
			sourceTree = "<group>";
		};
		142431A92BE414B400F58E52 /* PageView */ = {
			isa = PBXGroup;
			children = (
				142431AB2BE414D100F58E52 /* PageView.swift */,
				142431AD2BE414E600F58E52 /* PageViewController.swift */,
				142431AF2BE4162800F58E52 /* FeatureCard.swift */,
				142431B12BE4190A00F58E52 /* PageControl.swift */,
			);
			path = PageView;
			sourceTree = "<group>";
		};
		142431B82BE41ADF00F58E52 /* WatchLandmarks Watch App */ = {
			isa = PBXGroup;
			children = (
				142431BB2BE41ADF00F58E52 /* ContentView.swift */,
				142431BD2BE41AE100F58E52 /* Assets.xcassets */,
				142431BF2BE41AE100F58E52 /* Preview Content */,
				142431D22BE41C8A00F58E52 /* LandmarkDetail.swift */,
				142431D82BE421D800F58E52 /* NotificationView.swift */,
				142431DA2BE4224900F58E52 /* NotificationController.swift */,
				142431DC2BE4230F00F58E52 /* PushNotificationPayload.apns */,
			);
			path = "WatchLandmarks Watch App";
			sourceTree = "<group>";
		};
		142431BF2BE41AE100F58E52 /* Preview Content */ = {
			isa = PBXGroup;
			children = (
				142431C02BE41AE100F58E52 /* Preview Assets.xcassets */,
			);
			path = "Preview Content";
			sourceTree = "<group>";
		};
		142DBC382BE38E2300A01D6A = {
			isa = PBXGroup;
			children = (
				142DBC432BE38E2300A01D6A /* Landmarks */,
				142DBC542BE38E2600A01D6A /* LandmarksTests */,
				142DBC5E2BE38E2600A01D6A /* LandmarksUITests */,
				142431B82BE41ADF00F58E52 /* WatchLandmarks Watch App */,
				142DBC422BE38E2300A01D6A /* Products */,
			);
			sourceTree = "<group>";
		};
		142DBC422BE38E2300A01D6A /* Products */ = {
			isa = PBXGroup;
			children = (
				142DBC412BE38E2300A01D6A /* Landmarks.app */,
				142DBC512BE38E2600A01D6A /* LandmarksTests.xctest */,
				142DBC5B2BE38E2600A01D6A /* LandmarksUITests.xctest */,
				142431B72BE41ADF00F58E52 /* WatchLandmarks Watch App.app */,
			);
			name = Products;
			sourceTree = "<group>";
		};
		142DBC432BE38E2300A01D6A /* Landmarks */ = {
			isa = PBXGroup;
			children = (
				142DBC442BE38E2300A01D6A /* LandmarksApp.swift */,
				142DBC702BE38EBB00A01D6A /* Model */,
				142DBC6F2BE38EB200A01D6A /* Resources */,
				142DBC6E2BE38EAA00A01D6A /* Views */,
				142DBC482BE38E2600A01D6A /* Assets.xcassets */,
				142DBC4A2BE38E2600A01D6A /* Preview Content */,
			);
			path = Landmarks;
			sourceTree = "<group>";
		};
		142DBC4A2BE38E2600A01D6A /* Preview Content */ = {
			isa = PBXGroup;
			children = (
				142DBC4B2BE38E2600A01D6A /* Preview Assets.xcassets */,
			);
			path = "Preview Content";
			sourceTree = "<group>";
		};
		142DBC542BE38E2600A01D6A /* LandmarksTests */ = {
			isa = PBXGroup;
			children = (
				142DBC552BE38E2600A01D6A /* LandmarksTests.swift */,
			);
			path = LandmarksTests;
			sourceTree = "<group>";
		};
		142DBC5E2BE38E2600A01D6A /* LandmarksUITests */ = {
			isa = PBXGroup;
			children = (
				142DBC5F2BE38E2600A01D6A /* LandmarksUITests.swift */,
				142DBC612BE38E2600A01D6A /* LandmarksUITestsLaunchTests.swift */,
			);
			path = LandmarksUITests;
			sourceTree = "<group>";
		};
		142DBC6E2BE38EAA00A01D6A /* Views */ = {
			isa = PBXGroup;
			children = (
				142431A92BE414B400F58E52 /* PageView */,
				1424319E2BE409EB00F58E52 /* Profiles */,
				142431972BE4035700F58E52 /* Categories */,
				142DBC942BE39AB700A01D6A /* Hikes */,
				142DBC852BE3908300A01D6A /* Badges */,
				142DBC7E2BE38F2700A01D6A /* Landmarks */,
				142DBC772BE38F1300A01D6A /* Helpers */,
				142DBC462BE38E2300A01D6A /* ContentView.swift */,
			);
			path = Views;
			sourceTree = "<group>";
		};
		142DBC6F2BE38EB200A01D6A /* Resources */ = {
			isa = PBXGroup;
			children = (
				142DBC902BE399AD00A01D6A /* hikeData.json */,
				142DBC752BE38F0500A01D6A /* landmarkData.json */,
			);
			path = Resources;
			sourceTree = "<group>";
		};
		142DBC702BE38EBB00A01D6A /* Model */ = {
			isa = PBXGroup;
			children = (
				142DBC722BE38EF300A01D6A /* Landmark.swift */,
				142DBC712BE38EF300A01D6A /* ModelData.swift */,
				142DBC922BE399DE00A01D6A /* Hike.swift */,
				1424319F2BE40A1100F58E52 /* Profile.swift */,
			);
			path = Model;
			sourceTree = "<group>";
		};
		142DBC772BE38F1300A01D6A /* Helpers */ = {
			isa = PBXGroup;
			children = (
				142DBC782BE38F2300A01D6A /* CircleImage.swift */,
				142DBC7A2BE38F2300A01D6A /* FavoriteButton.swift */,
				142DBC792BE38F2300A01D6A /* MapView.swift */,
			);
			path = Helpers;
			sourceTree = "<group>";
		};
		142DBC7E2BE38F2700A01D6A /* Landmarks */ = {
			isa = PBXGroup;
			children = (
				142DBC812BE38F3700A01D6A /* LandmarkDetail.swift */,
				142DBC802BE38F3700A01D6A /* LandmarkList.swift */,
				142DBC7F2BE38F3700A01D6A /* LandmarkRow.swift */,
			);
			path = Landmarks;
			sourceTree = "<group>";
		};
		142DBC852BE3908300A01D6A /* Badges */ = {
			isa = PBXGroup;
			children = (
				142DBC862BE3909200A01D6A /* HexagonParameters.swift */,
				142DBC882BE390C600A01D6A /* BadgeBackground.swift */,
				142DBC8A2BE3931700A01D6A /* BadgeSymbol.swift */,
				142DBC8C2BE3949E00A01D6A /* RotatedBadgeSymbol.swift */,
				142DBC8E2BE394EF00A01D6A /* Badge.swift */,
			);
			path = Badges;
			sourceTree = "<group>";
		};
		142DBC942BE39AB700A01D6A /* Hikes */ = {
			isa = PBXGroup;
			children = (
				142DBC9B2BE39C0300A01D6A /* GraphCapsule.swift */,
				142DBC982BE39BF300A01D6A /* HikeDetail.swift */,
				142DBC972BE39BF300A01D6A /* HikeGraph.swift */,
				142DBC952BE39AC900A01D6A /* HikesView.swift */,
				142431A52BE40C1A00F58E52 /* HikeBadge.swift */,
			);
			path = Hikes;
			sourceTree = "<group>";
		};
/* End PBXGroup section */

/* Begin PBXNativeTarget section */
		142431B62BE41ADF00F58E52 /* WatchLandmarks Watch App */ = {
			isa = PBXNativeTarget;
			buildConfigurationList = 142431C52BE41AE100F58E52 /* Build configuration list for PBXNativeTarget "WatchLandmarks Watch App" */;
			buildPhases = (
				142431B32BE41ADF00F58E52 /* Sources */,
				142431B42BE41ADF00F58E52 /* Frameworks */,
				142431B52BE41ADF00F58E52 /* Resources */,
			);
			buildRules = (
			);
			dependencies = (
			);
			name = "WatchLandmarks Watch App";
			productName = "WatchLandmarks Watch App";
			productReference = 142431B72BE41ADF00F58E52 /* WatchLandmarks Watch App.app */;
			productType = "com.apple.product-type.application";
		};
		142DBC402BE38E2300A01D6A /* Landmarks */ = {
			isa = PBXNativeTarget;
			buildConfigurationList = 142DBC652BE38E2600A01D6A /* Build configuration list for PBXNativeTarget "Landmarks" */;
			buildPhases = (
				142DBC3D2BE38E2300A01D6A /* Sources */,
				142DBC3E2BE38E2300A01D6A /* Frameworks */,
				142DBC3F2BE38E2300A01D6A /* Resources */,
				142431C82BE41AE100F58E52 /* Embed Watch Content */,
			);
			buildRules = (
			);
			dependencies = (
				142431C32BE41AE100F58E52 /* PBXTargetDependency */,
			);
			name = Landmarks;
			productName = Landmarks;
			productReference = 142DBC412BE38E2300A01D6A /* Landmarks.app */;
			productType = "com.apple.product-type.application";
		};
		142DBC502BE38E2600A01D6A /* LandmarksTests */ = {
			isa = PBXNativeTarget;
			buildConfigurationList = 142DBC682BE38E2600A01D6A /* Build configuration list for PBXNativeTarget "LandmarksTests" */;
			buildPhases = (
				142DBC4D2BE38E2600A01D6A /* Sources */,
				142DBC4E2BE38E2600A01D6A /* Frameworks */,
				142DBC4F2BE38E2600A01D6A /* Resources */,
			);
			buildRules = (
			);
			dependencies = (
				142DBC532BE38E2600A01D6A /* PBXTargetDependency */,
			);
			name = LandmarksTests;
			productName = LandmarksTests;
			productReference = 142DBC512BE38E2600A01D6A /* LandmarksTests.xctest */;
			productType = "com.apple.product-type.bundle.unit-test";
		};
		142DBC5A2BE38E2600A01D6A /* LandmarksUITests */ = {
			isa = PBXNativeTarget;
			buildConfigurationList = 142DBC6B2BE38E2600A01D6A /* Build configuration list for PBXNativeTarget "LandmarksUITests" */;
			buildPhases = (
				142DBC572BE38E2600A01D6A /* Sources */,
				142DBC582BE38E2600A01D6A /* Frameworks */,
				142DBC592BE38E2600A01D6A /* Resources */,
			);
			buildRules = (
			);
			dependencies = (
				142DBC5D2BE38E2600A01D6A /* PBXTargetDependency */,
			);
			name = LandmarksUITests;
			productName = LandmarksUITests;
			productReference = 142DBC5B2BE38E2600A01D6A /* LandmarksUITests.xctest */;
			productType = "com.apple.product-type.bundle.ui-testing";
		};
/* End PBXNativeTarget section */

/* Begin PBXProject section */
		142DBC392BE38E2300A01D6A /* Project object */ = {
			isa = PBXProject;
			attributes = {
				BuildIndependentTargetsInParallel = 1;
				LastSwiftUpdateCheck = 1530;
				LastUpgradeCheck = 1530;
				TargetAttributes = {
					142431B62BE41ADF00F58E52 = {
						CreatedOnToolsVersion = 15.3;
					};
					142DBC402BE38E2300A01D6A = {
						CreatedOnToolsVersion = 15.3;
					};
					142DBC502BE38E2600A01D6A = {
						CreatedOnToolsVersion = 15.3;
						TestTargetID = 142DBC402BE38E2300A01D6A;
					};
					142DBC5A2BE38E2600A01D6A = {
						CreatedOnToolsVersion = 15.3;
						TestTargetID = 142DBC402BE38E2300A01D6A;
					};
				};
			};
			buildConfigurationList = 142DBC3C2BE38E2300A01D6A /* Build configuration list for PBXProject "Landmarks" */;
			compatibilityVersion = "Xcode 14.0";
			developmentRegion = en;
			hasScannedForEncodings = 0;
			knownRegions = (
				en,
				Base,
			);
			mainGroup = 142DBC382BE38E2300A01D6A;
			productRefGroup = 142DBC422BE38E2300A01D6A /* Products */;
			projectDirPath = "";
			projectRoot = "";
			targets = (
				142DBC402BE38E2300A01D6A /* Landmarks */,
				142DBC502BE38E2600A01D6A /* LandmarksTests */,
				142DBC5A2BE38E2600A01D6A /* LandmarksUITests */,
				142431B62BE41ADF00F58E52 /* WatchLandmarks Watch App */,
			);
		};
/* End PBXProject section */

/* Begin PBXResourcesBuildPhase section */
		142431B52BE41ADF00F58E52 /* Resources */ = {
			isa = PBXResourcesBuildPhase;
			buildActionMask = 2147483647;
			files = (
				142431D52BE4207700F58E52 /* hikeData.json in Resources */,
				142431D62BE4207700F58E52 /* landmarkData.json in Resources */,
				142431C12BE41AE100F58E52 /* Preview Assets.xcassets in Resources */,
				142431BE2BE41AE100F58E52 /* Assets.xcassets in Resources */,
				142431D72BE420E900F58E52 /* Assets.xcassets in Resources */,
				142431DD2BE4230F00F58E52 /* PushNotificationPayload.apns in Resources */,
			);
			runOnlyForDeploymentPostprocessing = 0;
		};
		142DBC3F2BE38E2300A01D6A /* Resources */ = {
			isa = PBXResourcesBuildPhase;
			buildActionMask = 2147483647;
			files = (
				142DBC912BE399AD00A01D6A /* hikeData.json in Resources */,
				142DBC4C2BE38E2600A01D6A /* Preview Assets.xcassets in Resources */,
				142DBC492BE38E2600A01D6A /* Assets.xcassets in Resources */,
				142DBC762BE38F0500A01D6A /* landmarkData.json in Resources */,
			);
			runOnlyForDeploymentPostprocessing = 0;
		};
		142DBC4F2BE38E2600A01D6A /* Resources */ = {
			isa = PBXResourcesBuildPhase;
			buildActionMask = 2147483647;
			files = (
			);
			runOnlyForDeploymentPostprocessing = 0;
		};
		142DBC592BE38E2600A01D6A /* Resources */ = {
			isa = PBXResourcesBuildPhase;
			buildActionMask = 2147483647;
			files = (
			);
			runOnlyForDeploymentPostprocessing = 0;
		};
/* End PBXResourcesBuildPhase section */

/* Begin PBXSourcesBuildPhase section */
		142431B32BE41ADF00F58E52 /* Sources */ = {
			isa = PBXSourcesBuildPhase;
			buildActionMask = 2147483647;
			files = (
				142431BC2BE41ADF00F58E52 /* ContentView.swift in Sources */,
				142431CA2BE41C3100F58E52 /* LandmarkList.swift in Sources */,
				142431CB2BE41C3100F58E52 /* CircleImage.swift in Sources */,
				142431CC2BE41C3100F58E52 /* Hike.swift in Sources */,
				142431CD2BE41C3100F58E52 /* LandmarkRow.swift in Sources */,
				142431CE2BE41C3100F58E52 /* MapView.swift in Sources */,
				142431CF2BE41C3100F58E52 /* LandmarksApp.swift in Sources */,
				142431D42BE41DCC00F58E52 /* ModelData.swift in Sources */,
				142431D02BE41C3100F58E52 /* Landmark.swift in Sources */,
				142431DB2BE4224900F58E52 /* NotificationController.swift in Sources */,
				142431D12BE41C3100F58E52 /* Profile.swift in Sources */,
				142431D32BE41C8A00F58E52 /* LandmarkDetail.swift in Sources */,
				142431D92BE421D800F58E52 /* NotificationView.swift in Sources */,
			);
			runOnlyForDeploymentPostprocessing = 0;
		};
		142DBC3D2BE38E2300A01D6A /* Sources */ = {
			isa = PBXSourcesBuildPhase;
			buildActionMask = 2147483647;
			files = (
				1424319B2BE404FA00F58E52 /* CategoryRow.swift in Sources */,
				142431A02BE40A1100F58E52 /* Profile.swift in Sources */,
				142DBC9C2BE39C0300A01D6A /* GraphCapsule.swift in Sources */,
				142431992BE4037200F58E52 /* CategoryHome.swift in Sources */,
				142DBC472BE38E2300A01D6A /* ContentView.swift in Sources */,
				142DBC992BE39BF300A01D6A /* HikeGraph.swift in Sources */,
				142431AC2BE414D100F58E52 /* PageView.swift in Sources */,
				142DBC8F2BE394EF00A01D6A /* Badge.swift in Sources */,
				142DBC7C2BE38F2300A01D6A /* MapView.swift in Sources */,
				142DBC452BE38E2300A01D6A /* LandmarksApp.swift in Sources */,
				142431B22BE4190A00F58E52 /* PageControl.swift in Sources */,
				142431B02BE4162800F58E52 /* FeatureCard.swift in Sources */,
				142DBC962BE39AC900A01D6A /* HikesView.swift in Sources */,
				1424319D2BE4071400F58E52 /* CategoryItem.swift in Sources */,
				142DBC732BE38EF300A01D6A /* ModelData.swift in Sources */,
				142431A42BE40AB800F58E52 /* ProfileSummary.swift in Sources */,
				142DBC9A2BE39BF300A01D6A /* HikeDetail.swift in Sources */,
				142431A22BE40A2D00F58E52 /* ProfileHost.swift in Sources */,
				142DBC872BE3909200A01D6A /* HexagonParameters.swift in Sources */,
				142DBC932BE399DE00A01D6A /* Hike.swift in Sources */,
				142DBC8D2BE3949E00A01D6A /* RotatedBadgeSymbol.swift in Sources */,
				142431A82BE4126C00F58E52 /* ProfileEditor.swift in Sources */,
				142DBC8B2BE3931700A01D6A /* BadgeSymbol.swift in Sources */,
				142431AE2BE414E600F58E52 /* PageViewController.swift in Sources */,
				142DBC832BE38F3700A01D6A /* LandmarkList.swift in Sources */,
				142DBC7D2BE38F2300A01D6A /* FavoriteButton.swift in Sources */,
				142DBC892BE390C600A01D6A /* BadgeBackground.swift in Sources */,
				142431A62BE40C1A00F58E52 /* HikeBadge.swift in Sources */,
				142DBC742BE38EF300A01D6A /* Landmark.swift in Sources */,
				142DBC822BE38F3700A01D6A /* LandmarkRow.swift in Sources */,
				142DBC842BE38F3700A01D6A /* LandmarkDetail.swift in Sources */,
				142DBC7B2BE38F2300A01D6A /* CircleImage.swift in Sources */,
			);
			runOnlyForDeploymentPostprocessing = 0;
		};
		142DBC4D2BE38E2600A01D6A /* Sources */ = {
			isa = PBXSourcesBuildPhase;
			buildActionMask = 2147483647;
			files = (
				142DBC562BE38E2600A01D6A /* LandmarksTests.swift in Sources */,
			);
			runOnlyForDeploymentPostprocessing = 0;
		};
		142DBC572BE38E2600A01D6A /* Sources */ = {
			isa = PBXSourcesBuildPhase;
			buildActionMask = 2147483647;
			files = (
				142DBC622BE38E2600A01D6A /* LandmarksUITestsLaunchTests.swift in Sources */,
				142DBC602BE38E2600A01D6A /* LandmarksUITests.swift in Sources */,
			);
			runOnlyForDeploymentPostprocessing = 0;
		};
/* End PBXSourcesBuildPhase section */

/* Begin PBXTargetDependency section */
		142431C32BE41AE100F58E52 /* PBXTargetDependency */ = {
			isa = PBXTargetDependency;
			target = 142431B62BE41ADF00F58E52 /* WatchLandmarks Watch App */;
			targetProxy = 142431C22BE41AE100F58E52 /* PBXContainerItemProxy */;
		};
		142DBC532BE38E2600A01D6A /* PBXTargetDependency */ = {
			isa = PBXTargetDependency;
			target = 142DBC402BE38E2300A01D6A /* Landmarks */;
			targetProxy = 142DBC522BE38E2600A01D6A /* PBXContainerItemProxy */;
		};
		142DBC5D2BE38E2600A01D6A /* PBXTargetDependency */ = {
			isa = PBXTargetDependency;
			target = 142DBC402BE38E2300A01D6A /* Landmarks */;
			targetProxy = 142DBC5C2BE38E2600A01D6A /* PBXContainerItemProxy */;
		};
/* End PBXTargetDependency section */

/* Begin XCBuildConfiguration section */
		142431C62BE41AE100F58E52 /* Debug */ = {
			isa = XCBuildConfiguration;
			buildSettings = {
				ASSETCATALOG_COMPILER_APPICON_NAME = AppIcon;
				ASSETCATALOG_COMPILER_GLOBAL_ACCENT_COLOR_NAME = AccentColor;
				CODE_SIGN_STYLE = Automatic;
				CURRENT_PROJECT_VERSION = 1;
				DEVELOPMENT_ASSET_PATHS = "\"WatchLandmarks Watch App/Preview Content\"";
				ENABLE_PREVIEWS = YES;
				GENERATE_INFOPLIST_FILE = YES;
				INFOPLIST_KEY_CFBundleDisplayName = WatchLandmarks;
				INFOPLIST_KEY_UISupportedInterfaceOrientations = "UIInterfaceOrientationPortrait UIInterfaceOrientationPortraitUpsideDown";
				INFOPLIST_KEY_WKCompanionAppBundleIdentifier = MAD.Landmarks;
				INFOPLIST_KEY_WKRunsIndependentlyOfCompanionApp = YES;
				LD_RUNPATH_SEARCH_PATHS = (
					"$(inherited)",
					"@executable_path/Frameworks",
				);
				MARKETING_VERSION = 1.0;
				PRODUCT_BUNDLE_IDENTIFIER = MAD.Landmarks.watchkitapp;
				PRODUCT_NAME = "$(TARGET_NAME)";
				SDKROOT = watchos;
				SKIP_INSTALL = YES;
				SWIFT_EMIT_LOC_STRINGS = YES;
				SWIFT_VERSION = 5.0;
				TARGETED_DEVICE_FAMILY = 4;
				WATCHOS_DEPLOYMENT_TARGET = 10.4;
			};
			name = Debug;
		};
		142431C72BE41AE100F58E52 /* Release */ = {
			isa = XCBuildConfiguration;
			buildSettings = {
				ASSETCATALOG_COMPILER_APPICON_NAME = AppIcon;
				ASSETCATALOG_COMPILER_GLOBAL_ACCENT_COLOR_NAME = AccentColor;
				CODE_SIGN_STYLE = Automatic;
				CURRENT_PROJECT_VERSION = 1;
				DEVELOPMENT_ASSET_PATHS = "\"WatchLandmarks Watch App/Preview Content\"";
				ENABLE_PREVIEWS = YES;
				GENERATE_INFOPLIST_FILE = YES;
				INFOPLIST_KEY_CFBundleDisplayName = WatchLandmarks;
				INFOPLIST_KEY_UISupportedInterfaceOrientations = "UIInterfaceOrientationPortrait UIInterfaceOrientationPortraitUpsideDown";
				INFOPLIST_KEY_WKCompanionAppBundleIdentifier = MAD.Landmarks;
				INFOPLIST_KEY_WKRunsIndependentlyOfCompanionApp = YES;
				LD_RUNPATH_SEARCH_PATHS = (
					"$(inherited)",
					"@executable_path/Frameworks",
				);
				MARKETING_VERSION = 1.0;
				PRODUCT_BUNDLE_IDENTIFIER = MAD.Landmarks.watchkitapp;
				PRODUCT_NAME = "$(TARGET_NAME)";
				SDKROOT = watchos;
				SKIP_INSTALL = YES;
				SWIFT_EMIT_LOC_STRINGS = YES;
				SWIFT_VERSION = 5.0;
				TARGETED_DEVICE_FAMILY = 4;
				WATCHOS_DEPLOYMENT_TARGET = 10.4;
			};
			name = Release;
		};
		142DBC632BE38E2600A01D6A /* Debug */ = {
			isa = XCBuildConfiguration;
			buildSettings = {
				ALWAYS_SEARCH_USER_PATHS = NO;
				ASSETCATALOG_COMPILER_GENERATE_SWIFT_ASSET_SYMBOL_EXTENSIONS = YES;
				CLANG_ANALYZER_NONNULL = YES;
				CLANG_ANALYZER_NUMBER_OBJECT_CONVERSION = YES_AGGRESSIVE;
				CLANG_CXX_LANGUAGE_STANDARD = "gnu++20";
				CLANG_ENABLE_MODULES = YES;
				CLANG_ENABLE_OBJC_ARC = YES;
				CLANG_ENABLE_OBJC_WEAK = YES;
				CLANG_WARN_BLOCK_CAPTURE_AUTORELEASING = YES;
				CLANG_WARN_BOOL_CONVERSION = YES;
				CLANG_WARN_COMMA = YES;
				CLANG_WARN_CONSTANT_CONVERSION = YES;
				CLANG_WARN_DEPRECATED_OBJC_IMPLEMENTATIONS = YES;
				CLANG_WARN_DIRECT_OBJC_ISA_USAGE = YES_ERROR;
				CLANG_WARN_DOCUMENTATION_COMMENTS = YES;
				CLANG_WARN_EMPTY_BODY = YES;
				CLANG_WARN_ENUM_CONVERSION = YES;
				CLANG_WARN_INFINITE_RECURSION = YES;
				CLANG_WARN_INT_CONVERSION = YES;
				CLANG_WARN_NON_LITERAL_NULL_CONVERSION = YES;
				CLANG_WARN_OBJC_IMPLICIT_RETAIN_SELF = YES;
				CLANG_WARN_OBJC_LITERAL_CONVERSION = YES;
				CLANG_WARN_OBJC_ROOT_CLASS = YES_ERROR;
				CLANG_WARN_QUOTED_INCLUDE_IN_FRAMEWORK_HEADER = YES;
				CLANG_WARN_RANGE_LOOP_ANALYSIS = YES;
				CLANG_WARN_STRICT_PROTOTYPES = YES;
				CLANG_WARN_SUSPICIOUS_MOVE = YES;
				CLANG_WARN_UNGUARDED_AVAILABILITY = YES_AGGRESSIVE;
				CLANG_WARN_UNREACHABLE_CODE = YES;
				CLANG_WARN__DUPLICATE_METHOD_MATCH = YES;
				COPY_PHASE_STRIP = NO;
				DEBUG_INFORMATION_FORMAT = dwarf;
				ENABLE_STRICT_OBJC_MSGSEND = YES;
				ENABLE_TESTABILITY = YES;
				ENABLE_USER_SCRIPT_SANDBOXING = YES;
				GCC_C_LANGUAGE_STANDARD = gnu17;
				GCC_DYNAMIC_NO_PIC = NO;
				GCC_NO_COMMON_BLOCKS = YES;
				GCC_OPTIMIZATION_LEVEL = 0;
				GCC_PREPROCESSOR_DEFINITIONS = (
					"DEBUG=1",
					"$(inherited)",
				);
				GCC_WARN_64_TO_32_BIT_CONVERSION = YES;
				GCC_WARN_ABOUT_RETURN_TYPE = YES_ERROR;
				GCC_WARN_UNDECLARED_SELECTOR = YES;
				GCC_WARN_UNINITIALIZED_AUTOS = YES_AGGRESSIVE;
				GCC_WARN_UNUSED_FUNCTION = YES;
				GCC_WARN_UNUSED_VARIABLE = YES;
				IPHONEOS_DEPLOYMENT_TARGET = 17.4;
				LOCALIZATION_PREFERS_STRING_CATALOGS = YES;
				MTL_ENABLE_DEBUG_INFO = INCLUDE_SOURCE;
				MTL_FAST_MATH = YES;
				ONLY_ACTIVE_ARCH = YES;
				SDKROOT = iphoneos;
				SWIFT_ACTIVE_COMPILATION_CONDITIONS = "DEBUG $(inherited)";
				SWIFT_OPTIMIZATION_LEVEL = "-Onone";
			};
			name = Debug;
		};
		142DBC642BE38E2600A01D6A /* Release */ = {
			isa = XCBuildConfiguration;
			buildSettings = {
				ALWAYS_SEARCH_USER_PATHS = NO;
				ASSETCATALOG_COMPILER_GENERATE_SWIFT_ASSET_SYMBOL_EXTENSIONS = YES;
				CLANG_ANALYZER_NONNULL = YES;
				CLANG_ANALYZER_NUMBER_OBJECT_CONVERSION = YES_AGGRESSIVE;
				CLANG_CXX_LANGUAGE_STANDARD = "gnu++20";
				CLANG_ENABLE_MODULES = YES;
				CLANG_ENABLE_OBJC_ARC = YES;
				CLANG_ENABLE_OBJC_WEAK = YES;
				CLANG_WARN_BLOCK_CAPTURE_AUTORELEASING = YES;
				CLANG_WARN_BOOL_CONVERSION = YES;
				CLANG_WARN_COMMA = YES;
				CLANG_WARN_CONSTANT_CONVERSION = YES;
				CLANG_WARN_DEPRECATED_OBJC_IMPLEMENTATIONS = YES;
				CLANG_WARN_DIRECT_OBJC_ISA_USAGE = YES_ERROR;
				CLANG_WARN_DOCUMENTATION_COMMENTS = YES;
				CLANG_WARN_EMPTY_BODY = YES;
				CLANG_WARN_ENUM_CONVERSION = YES;
				CLANG_WARN_INFINITE_RECURSION = YES;
				CLANG_WARN_INT_CONVERSION = YES;
				CLANG_WARN_NON_LITERAL_NULL_CONVERSION = YES;
				CLANG_WARN_OBJC_IMPLICIT_RETAIN_SELF = YES;
				CLANG_WARN_OBJC_LITERAL_CONVERSION = YES;
				CLANG_WARN_OBJC_ROOT_CLASS = YES_ERROR;
				CLANG_WARN_QUOTED_INCLUDE_IN_FRAMEWORK_HEADER = YES;
				CLANG_WARN_RANGE_LOOP_ANALYSIS = YES;
				CLANG_WARN_STRICT_PROTOTYPES = YES;
				CLANG_WARN_SUSPICIOUS_MOVE = YES;
				CLANG_WARN_UNGUARDED_AVAILABILITY = YES_AGGRESSIVE;
				CLANG_WARN_UNREACHABLE_CODE = YES;
				CLANG_WARN__DUPLICATE_METHOD_MATCH = YES;
				COPY_PHASE_STRIP = NO;
				DEBUG_INFORMATION_FORMAT = "dwarf-with-dsym";
				ENABLE_NS_ASSERTIONS = NO;
				ENABLE_STRICT_OBJC_MSGSEND = YES;
				ENABLE_USER_SCRIPT_SANDBOXING = YES;
				GCC_C_LANGUAGE_STANDARD = gnu17;
				GCC_NO_COMMON_BLOCKS = YES;
				GCC_WARN_64_TO_32_BIT_CONVERSION = YES;
				GCC_WARN_ABOUT_RETURN_TYPE = YES_ERROR;
				GCC_WARN_UNDECLARED_SELECTOR = YES;
				GCC_WARN_UNINITIALIZED_AUTOS = YES_AGGRESSIVE;
				GCC_WARN_UNUSED_FUNCTION = YES;
				GCC_WARN_UNUSED_VARIABLE = YES;
				IPHONEOS_DEPLOYMENT_TARGET = 17.4;
				LOCALIZATION_PREFERS_STRING_CATALOGS = YES;
				MTL_ENABLE_DEBUG_INFO = NO;
				MTL_FAST_MATH = YES;
				SDKROOT = iphoneos;
				SWIFT_COMPILATION_MODE = wholemodule;
				VALIDATE_PRODUCT = YES;
			};
			name = Release;
		};
		142DBC662BE38E2600A01D6A /* Debug */ = {
			isa = XCBuildConfiguration;
			buildSettings = {
				ALWAYS_EMBED_SWIFT_STANDARD_LIBRARIES = YES;
				ASSETCATALOG_COMPILER_APPICON_NAME = AppIcon;
				ASSETCATALOG_COMPILER_GLOBAL_ACCENT_COLOR_NAME = AccentColor;
				CODE_SIGN_STYLE = Automatic;
				CURRENT_PROJECT_VERSION = 1;
				DEVELOPMENT_ASSET_PATHS = "\"Landmarks/Preview Content\"";
				ENABLE_PREVIEWS = YES;
				GENERATE_INFOPLIST_FILE = YES;
				INFOPLIST_KEY_UIApplicationSceneManifest_Generation = YES;
				INFOPLIST_KEY_UIApplicationSupportsIndirectInputEvents = YES;
				INFOPLIST_KEY_UILaunchScreen_Generation = YES;
				INFOPLIST_KEY_UISupportedInterfaceOrientations_iPad = "UIInterfaceOrientationPortrait UIInterfaceOrientationPortraitUpsideDown UIInterfaceOrientationLandscapeLeft UIInterfaceOrientationLandscapeRight";
				INFOPLIST_KEY_UISupportedInterfaceOrientations_iPhone = "UIInterfaceOrientationPortrait UIInterfaceOrientationLandscapeLeft UIInterfaceOrientationLandscapeRight";
				LD_RUNPATH_SEARCH_PATHS = (
					"$(inherited)",
					"@executable_path/Frameworks",
				);
				MARKETING_VERSION = 1.0;
				PRODUCT_BUNDLE_IDENTIFIER = MAD.Landmarks;
				PRODUCT_NAME = "$(TARGET_NAME)";
				SWIFT_EMIT_LOC_STRINGS = YES;
				SWIFT_VERSION = 5.0;
				TARGETED_DEVICE_FAMILY = "1,2";
			};
			name = Debug;
		};
		142DBC672BE38E2600A01D6A /* Release */ = {
			isa = XCBuildConfiguration;
			buildSettings = {
				ALWAYS_EMBED_SWIFT_STANDARD_LIBRARIES = YES;
				ASSETCATALOG_COMPILER_APPICON_NAME = AppIcon;
				ASSETCATALOG_COMPILER_GLOBAL_ACCENT_COLOR_NAME = AccentColor;
				CODE_SIGN_STYLE = Automatic;
				CURRENT_PROJECT_VERSION = 1;
				DEVELOPMENT_ASSET_PATHS = "\"Landmarks/Preview Content\"";
				ENABLE_PREVIEWS = YES;
				GENERATE_INFOPLIST_FILE = YES;
				INFOPLIST_KEY_UIApplicationSceneManifest_Generation = YES;
				INFOPLIST_KEY_UIApplicationSupportsIndirectInputEvents = YES;
				INFOPLIST_KEY_UILaunchScreen_Generation = YES;
				INFOPLIST_KEY_UISupportedInterfaceOrientations_iPad = "UIInterfaceOrientationPortrait UIInterfaceOrientationPortraitUpsideDown UIInterfaceOrientationLandscapeLeft UIInterfaceOrientationLandscapeRight";
				INFOPLIST_KEY_UISupportedInterfaceOrientations_iPhone = "UIInterfaceOrientationPortrait UIInterfaceOrientationLandscapeLeft UIInterfaceOrientationLandscapeRight";
				LD_RUNPATH_SEARCH_PATHS = (
					"$(inherited)",
					"@executable_path/Frameworks",
				);
				MARKETING_VERSION = 1.0;
				PRODUCT_BUNDLE_IDENTIFIER = MAD.Landmarks;
				PRODUCT_NAME = "$(TARGET_NAME)";
				SWIFT_EMIT_LOC_STRINGS = YES;
				SWIFT_VERSION = 5.0;
				TARGETED_DEVICE_FAMILY = "1,2";
			};
			name = Release;
		};
		142DBC692BE38E2600A01D6A /* Debug */ = {
			isa = XCBuildConfiguration;
			buildSettings = {
				ALWAYS_EMBED_SWIFT_STANDARD_LIBRARIES = YES;
				BUNDLE_LOADER = "$(TEST_HOST)";
				CODE_SIGN_STYLE = Automatic;
				CURRENT_PROJECT_VERSION = 1;
				GENERATE_INFOPLIST_FILE = YES;
				IPHONEOS_DEPLOYMENT_TARGET = 17.4;
				MARKETING_VERSION = 1.0;
				PRODUCT_BUNDLE_IDENTIFIER = MAD.LandmarksTests;
				PRODUCT_NAME = "$(TARGET_NAME)";
				SWIFT_EMIT_LOC_STRINGS = NO;
				SWIFT_VERSION = 5.0;
				TARGETED_DEVICE_FAMILY = "1,2";
				TEST_HOST = "$(BUILT_PRODUCTS_DIR)/Landmarks.app/$(BUNDLE_EXECUTABLE_FOLDER_PATH)/Landmarks";
			};
			name = Debug;
		};
		142DBC6A2BE38E2600A01D6A /* Release */ = {
			isa = XCBuildConfiguration;
			buildSettings = {
				ALWAYS_EMBED_SWIFT_STANDARD_LIBRARIES = YES;
				BUNDLE_LOADER = "$(TEST_HOST)";
				CODE_SIGN_STYLE = Automatic;
				CURRENT_PROJECT_VERSION = 1;
				GENERATE_INFOPLIST_FILE = YES;
				IPHONEOS_DEPLOYMENT_TARGET = 17.4;
				MARKETING_VERSION = 1.0;
				PRODUCT_BUNDLE_IDENTIFIER = MAD.LandmarksTests;
				PRODUCT_NAME = "$(TARGET_NAME)";
				SWIFT_EMIT_LOC_STRINGS = NO;
				SWIFT_VERSION = 5.0;
				TARGETED_DEVICE_FAMILY = "1,2";
				TEST_HOST = "$(BUILT_PRODUCTS_DIR)/Landmarks.app/$(BUNDLE_EXECUTABLE_FOLDER_PATH)/Landmarks";
			};
			name = Release;
		};
		142DBC6C2BE38E2600A01D6A /* Debug */ = {
			isa = XCBuildConfiguration;
			buildSettings = {
				ALWAYS_EMBED_SWIFT_STANDARD_LIBRARIES = YES;
				CODE_SIGN_STYLE = Automatic;
				CURRENT_PROJECT_VERSION = 1;
				GENERATE_INFOPLIST_FILE = YES;
				MARKETING_VERSION = 1.0;
				PRODUCT_BUNDLE_IDENTIFIER = MAD.LandmarksUITests;
				PRODUCT_NAME = "$(TARGET_NAME)";
				SWIFT_EMIT_LOC_STRINGS = NO;
				SWIFT_VERSION = 5.0;
				TARGETED_DEVICE_FAMILY = "1,2";
				TEST_TARGET_NAME = Landmarks;
			};
			name = Debug;
		};
		142DBC6D2BE38E2600A01D6A /* Release */ = {
			isa = XCBuildConfiguration;
			buildSettings = {
				ALWAYS_EMBED_SWIFT_STANDARD_LIBRARIES = YES;
				CODE_SIGN_STYLE = Automatic;
				CURRENT_PROJECT_VERSION = 1;
				GENERATE_INFOPLIST_FILE = YES;
				MARKETING_VERSION = 1.0;
				PRODUCT_BUNDLE_IDENTIFIER = MAD.LandmarksUITests;
				PRODUCT_NAME = "$(TARGET_NAME)";
				SWIFT_EMIT_LOC_STRINGS = NO;
				SWIFT_VERSION = 5.0;
				TARGETED_DEVICE_FAMILY = "1,2";
				TEST_TARGET_NAME = Landmarks;
			};
			name = Release;
		};
/* End XCBuildConfiguration section */

/* Begin XCConfigurationList section */
		142431C52BE41AE100F58E52 /* Build configuration list for PBXNativeTarget "WatchLandmarks Watch App" */ = {
			isa = XCConfigurationList;
			buildConfigurations = (
				142431C62BE41AE100F58E52 /* Debug */,
				142431C72BE41AE100F58E52 /* Release */,
			);
			defaultConfigurationIsVisible = 0;
			defaultConfigurationName = Release;
		};
		142DBC3C2BE38E2300A01D6A /* Build configuration list for PBXProject "Landmarks" */ = {
			isa = XCConfigurationList;
			buildConfigurations = (
				142DBC632BE38E2600A01D6A /* Debug */,
				142DBC642BE38E2600A01D6A /* Release */,
			);
			defaultConfigurationIsVisible = 0;
			defaultConfigurationName = Release;
		};
		142DBC652BE38E2600A01D6A /* Build configuration list for PBXNativeTarget "Landmarks" */ = {
			isa = XCConfigurationList;
			buildConfigurations = (
				142DBC662BE38E2600A01D6A /* Debug */,
				142DBC672BE38E2600A01D6A /* Release */,
			);
			defaultConfigurationIsVisible = 0;
			defaultConfigurationName = Release;
		};
		142DBC682BE38E2600A01D6A /* Build configuration list for PBXNativeTarget "LandmarksTests" */ = {
			isa = XCConfigurationList;
			buildConfigurations = (
				142DBC692BE38E2600A01D6A /* Debug */,
				142DBC6A2BE38E2600A01D6A /* Release */,
			);
			defaultConfigurationIsVisible = 0;
			defaultConfigurationName = Release;
		};
		142DBC6B2BE38E2600A01D6A /* Build configuration list for PBXNativeTarget "LandmarksUITests" */ = {
			isa = XCConfigurationList;
			buildConfigurations = (
				142DBC6C2BE38E2600A01D6A /* Debug */,
				142DBC6D2BE38E2600A01D6A /* Release */,
			);
			defaultConfigurationIsVisible = 0;
			defaultConfigurationName = Release;
		};
/* End XCConfigurationList section */
	};
	rootObject = 142DBC392BE38E2300A01D6A /* Project object */;
}
